Microsoft Visual Studio Solution File, Format Version 12.00
# Visual Studio Version 17
VisualStudioVersion = 17.5.2.0
MinimumVisualStudioVersion = 10.0.40219.1
Project("{FAE04EC0-301F-11D3-BF4B-00C04F79EFBC}") = "Question", "Question.csproj", "{14592F6E-D3D0-A287-BEBF-0FD1C3A10C3D}"
EndProject
Global
	GlobalSection(SolutionConfigurationPlatforms) = preSolution
		Debug|Any CPU = Debug|Any CPU
		Release|Any CPU = Release|Any CPU
	EndGlobalSection
	GlobalSection(ProjectConfigurationPlatforms) = postSolution
		{14592F6E-D3D0-A287-BEBF-0FD1C3A10C3D}.Debug|Any CPU.ActiveCfg = Debug|Any CPU
		{14592F6E-D3D0-A287-BEBF-0FD1C3A10C3D}.Debug|Any CPU.Build.0 = Debug|Any CPU
		{14592F6E-D3D0-A287-BEBF-0FD1C3A10C3D}.Release|Any CPU.ActiveCfg = Release|Any CPU
		{14592F6E-D3D0-A287-BEBF-0FD1C3A10C3D}.Release|Any CPU.Build.0 = Release|Any CPU
	EndGlobalSection
	GlobalSection(SolutionProperties) = preSolution
		HideSolutionNode = FALSE
	EndGlobalSection
	GlobalSection(ExtensibilityGlobals) = postSolution
		SolutionGuid = {8186A3CD-8136-4B2D-B06A-7191BB19967A}
	EndGlobalSection
EndGlobal
