Microsoft Visual Studio Solution File, Format Version 12.00
# Visual Studio Version 17
VisualStudioVersion = 17.5.2.0
MinimumVisualStudioVersion = 10.0.40219.1
Project("{FAE04EC0-301F-11D3-BF4B-00C04F79EFBC}") = "StudentPortalMVC", "StudentPortalMVC\StudentPortalMVC.csproj", "{6AC0BFCD-73B5-2993-90C2-81B050D07554}"
EndProject
Global
	GlobalSection(SolutionConfigurationPlatforms) = preSolution
		Debug|Any CPU = Debug|Any CPU
		Release|Any CPU = Release|Any CPU
	EndGlobalSection
	GlobalSection(ProjectConfigurationPlatforms) = postSolution
		{6AC0BFCD-73B5-2993-90C2-81B050D07554}.Debug|Any CPU.ActiveCfg = Debug|Any CPU
		{6AC0BFCD-73B5-2993-90C2-81B050D07554}.Debug|Any CPU.Build.0 = Debug|Any CPU
		{6AC0BFCD-73B5-2993-90C2-81B050D07554}.Release|Any CPU.ActiveCfg = Release|Any CPU
		{6AC0BFCD-73B5-2993-90C2-81B050D07554}.Release|Any CPU.Build.0 = Release|Any CPU
	EndGlobalSection
	GlobalSection(SolutionProperties) = preSolution
		HideSolutionNode = FALSE
	EndGlobalSection
	GlobalSection(ExtensibilityGlobals) = postSolution
		SolutionGuid = {92573289-1955-4E62-99F1-1F4459B21E74}
	EndGlobalSection
EndGlobal
